// !$*UTF8*$!
{
	archiveVersion = 1;
	classes = {
	};
	objectVersion = 56;
	objects = {

/* Begin PBXBuildFile section */
		2F4BEDB62AF7ABB700D35221 /* N2KLibBuildApp.swift in Sources */ = {isa = PBXBuildFile; fileRef = 2F4BEDB52AF7ABB700D35221 /* N2KLibBuildApp.swift */; };
		2F4BEDB82AF7ABB700D35221 /* ContentView.swift in Sources */ = {isa = PBXBuildFile; fileRef = 2F4BEDB72AF7ABB700D35221 /* ContentView.swift */; };
		2F4BEDBA2AF7ABB900D35221 /* Assets.xcassets in Resources */ = {isa = PBXBuildFile; fileRef = 2F4BEDB92AF7ABB900D35221 /* Assets.xcassets */; };
		2F4BEDBD2AF7ABBA00D35221 /* Preview Assets.xcassets in Resources */ = {isa = PBXBuildFile; fileRef = 2F4BEDBC2AF7ABBA00D35221 /* Preview Assets.xcassets */; };
		2F4BEDBF2AF7ABBA00D35221 /* Persistence.swift in Sources */ = {isa = PBXBuildFile; fileRef = 2F4BEDBE2AF7ABBA00D35221 /* Persistence.swift */; };
		2F4BEDC22AF7ABBA00D35221 /* N2KLibBuild.xcdatamodeld in Sources */ = {isa = PBXBuildFile; fileRef = 2F4BEDC02AF7ABBA00D35221 /* N2KLibBuild.xcdatamodeld */; };
		2F4BEDCD2AF7ABBA00D35221 /* N2KLibBuildTests.swift in Sources */ = {isa = PBXBuildFile; fileRef = 2F4BEDCC2AF7ABBA00D35221 /* N2KLibBuildTests.swift */; };
		2F4BEDD72AF7ABBA00D35221 /* N2KLibBuildUITests.swift in Sources */ = {isa = PBXBuildFile; fileRef = 2F4BEDD62AF7ABBA00D35221 /* N2KLibBuildUITests.swift */; };
		2F4BEDD92AF7ABBA00D35221 /* N2KLibBuildUITestsLaunchTests.swift in Sources */ = {isa = PBXBuildFile; fileRef = 2F4BEDD82AF7ABBA00D35221 /* N2KLibBuildUITestsLaunchTests.swift */; };
		2F4BEE062AF7ABFD00D35221 /* N2kDeviceList.cpp in Sources */ = {isa = PBXBuildFile; fileRef = 2F4BEDE62AF7ABFC00D35221 /* N2kDeviceList.cpp */; };
		2F4BEE082AF7ABFD00D35221 /* RingBuffer.tpp in Resources */ = {isa = PBXBuildFile; fileRef = 2F4BEDEB2AF7ABFC00D35221 /* RingBuffer.tpp */; };
		2F4BEE092AF7ABFD00D35221 /* N2kGroupFunction.cpp in Sources */ = {isa = PBXBuildFile; fileRef = 2F4BEDEC2AF7ABFD00D35221 /* N2kGroupFunction.cpp */; };
		2F4BEE0A2AF7ABFD00D35221 /* N2kStream.cpp in Sources */ = {isa = PBXBuildFile; fileRef = 2F4BEDED2AF7ABFD00D35221 /* N2kStream.cpp */; };
		2F4BEE0B2AF7ABFD00D35221 /* N2kGroupFunctionDefaultHandlers.cpp in Sources */ = {isa = PBXBuildFile; fileRef = 2F4BEDF22AF7ABFD00D35221 /* N2kGroupFunctionDefaultHandlers.cpp */; };
		2F4BEE0C2AF7ABFD00D35221 /* N2kMsg.cpp in Sources */ = {isa = PBXBuildFile; fileRef = 2F4BEDF42AF7ABFD00D35221 /* N2kMsg.cpp */; };
		2F4BEE0D2AF7ABFD00D35221 /* N2kTimer.cpp in Sources */ = {isa = PBXBuildFile; fileRef = 2F4BEDF62AF7ABFD00D35221 /* N2kTimer.cpp */; };
		2F4BEE0E2AF7ABFD00D35221 /* N2kMessages.cpp in Sources */ = {isa = PBXBuildFile; fileRef = 2F4BEDF82AF7ABFD00D35221 /* N2kMessages.cpp */; };
		2F4BEE0F2AF7ABFD00D35221 /* NMEA2000.cpp in Sources */ = {isa = PBXBuildFile; fileRef = 2F4BEDF92AF7ABFD00D35221 /* NMEA2000.cpp */; };
		2F4BEE102AF7ABFD00D35221 /* N2kMaretron.cpp in Sources */ = {isa = PBXBuildFile; fileRef = 2F4BEDFC2AF7ABFD00D35221 /* N2kMaretron.cpp */; };
		2F4BEE112AF7ABFD00D35221 /* Seasmart.cpp in Sources */ = {isa = PBXBuildFile; fileRef = 2F4BEDFD2AF7ABFD00D35221 /* Seasmart.cpp */; };
		2F4BEE152AF7AFB800D35221 /* N2kEnums.swift in Sources */ = {isa = PBXBuildFile; fileRef = 2F4BEE142AF7AFB800D35221 /* N2kEnums.swift */; };
		2F4BEE172AF7B31600D35221 /* N2KTypeAlias.swift in Sources */ = {isa = PBXBuildFile; fileRef = 2F4BEE162AF7B31600D35221 /* N2KTypeAlias.swift */; };
		2F4BEE1A2AF7B39F00D35221 /* tN2kNavigationDirection.swift in Sources */ = {isa = PBXBuildFile; fileRef = 2F4BEE192AF7B39F00D35221 /* tN2kNavigationDirection.swift */; };
		2F4BEE1C2AF7B3CE00D35221 /* tN2kHeadingReference.swift in Sources */ = {isa = PBXBuildFile; fileRef = 2F4BEE1B2AF7B3CE00D35221 /* tN2kHeadingReference.swift */; };
		2F4BEE1E2AF7B40A00D35221 /* tN2kDistanceCalculationType.swift in Sources */ = {isa = PBXBuildFile; fileRef = 2F4BEE1D2AF7B40A00D35221 /* tN2kDistanceCalculationType.swift */; };
		2F4BEE202AF7B45100D35221 /* tN2kXTEMode.swift in Sources */ = {isa = PBXBuildFile; fileRef = 2F4BEE1F2AF7B45100D35221 /* tN2kXTEMode.swift */; };
		2F4BEE222AF7B49C00D35221 /* tN2kGNSStype.swift in Sources */ = {isa = PBXBuildFile; fileRef = 2F4BEE212AF7B49C00D35221 /* tN2kGNSStype.swift */; };
		2F4BEE242AF7B4DB00D35221 /* tN2kGNSSmethod.swift in Sources */ = {isa = PBXBuildFile; fileRef = 2F4BEE232AF7B4DB00D35221 /* tN2kGNSSmethod.swift */; };
		2F4BEE262AF7B50E00D35221 /* tN2kGNSSDOPmode.swift in Sources */ = {isa = PBXBuildFile; fileRef = 2F4BEE252AF7B50E00D35221 /* tN2kGNSSDOPmode.swift */; };
		2F4BEE282AF7B54200D35221 /* tN2kTempSource.swift in Sources */ = {isa = PBXBuildFile; fileRef = 2F4BEE272AF7B54200D35221 /* tN2kTempSource.swift */; };
		2F4BEE2A2AF7B57100D35221 /* tN2kHumiditySource.swift in Sources */ = {isa = PBXBuildFile; fileRef = 2F4BEE292AF7B57100D35221 /* tN2kHumiditySource.swift */; };
		2F4BEE2C2AF7B59800D35221 /* tN2kPressureSource.swift in Sources */ = {isa = PBXBuildFile; fileRef = 2F4BEE2B2AF7B59800D35221 /* tN2kPressureSource.swift */; };
		2F4BEE2E2AF7B5FC00D35221 /* tN2kTimeSource.swift in Sources */ = {isa = PBXBuildFile; fileRef = 2F4BEE2D2AF7B5FC00D35221 /* tN2kTimeSource.swift */; };
		2F4BEE302AF7B61A00D35221 /* tN2kFluidType.swift in Sources */ = {isa = PBXBuildFile; fileRef = 2F4BEE2F2AF7B61A00D35221 /* tN2kFluidType.swift */; };
		2F4BEE322AF7B63C00D35221 /* tN2kWindReference.swift in Sources */ = {isa = PBXBuildFile; fileRef = 2F4BEE312AF7B63C00D35221 /* tN2kWindReference.swift */; };
		2F4BEE342AF7B66800D35221 /* tN2kSpeedWaterReferenceType.swift in Sources */ = {isa = PBXBuildFile; fileRef = 2F4BEE332AF7B66800D35221 /* tN2kSpeedWaterReferenceType.swift */; };
		2F4BEE362AF7B68A00D35221 /* tN2kRudderDirectionOrder.swift in Sources */ = {isa = PBXBuildFile; fileRef = 2F4BEE352AF7B68A00D35221 /* tN2kRudderDirectionOrder.swift */; };
		2F4BEE382AF7B6AC00D35221 /* tN2kDCType.swift in Sources */ = {isa = PBXBuildFile; fileRef = 2F4BEE372AF7B6AC00D35221 /* tN2kDCType.swift */; };
		2F4BEE3A2AF7B6D200D35221 /* tN2kBatType.swift in Sources */ = {isa = PBXBuildFile; fileRef = 2F4BEE392AF7B6D200D35221 /* tN2kBatType.swift */; };
		2F4BEE3C2AF7B6F400D35221 /* tN2kBatEqSupport.swift in Sources */ = {isa = PBXBuildFile; fileRef = 2F4BEE3B2AF7B6F400D35221 /* tN2kBatEqSupport.swift */; };
		2F4BEE3E2AF7B71500D35221 /* tN2kBatChem.swift in Sources */ = {isa = PBXBuildFile; fileRef = 2F4BEE3D2AF7B71500D35221 /* tN2kBatChem.swift */; };
		2F4BEE402AF7B73800D35221 /* tN2kBatNomVolt.swift in Sources */ = {isa = PBXBuildFile; fileRef = 2F4BEE3F2AF7B73800D35221 /* tN2kBatNomVolt.swift */; };
		2F4BEE422AF7B78400D35221 /* tN2kTransmissionGear.swift in Sources */ = {isa = PBXBuildFile; fileRef = 2F4BEE412AF7B78400D35221 /* tN2kTransmissionGear.swift */; };
		2F4BEE442AF7B79F00D35221 /* tN2kAISRepeat.swift in Sources */ = {isa = PBXBuildFile; fileRef = 2F4BEE432AF7B79F00D35221 /* tN2kAISRepeat.swift */; };
		2F4BEE462AF7B7B700D35221 /* tN2kAISVersion.swift in Sources */ = {isa = PBXBuildFile; fileRef = 2F4BEE452AF7B7B700D35221 /* tN2kAISVersion.swift */; };
		2F4BEE482AF7B7D300D35221 /* tN2kAISNavStatus.swift in Sources */ = {isa = PBXBuildFile; fileRef = 2F4BEE472AF7B7D300D35221 /* tN2kAISNavStatus.swift */; };
		2F4BEE4A2AF7B7F300D35221 /* tN2kAISDTE.swift in Sources */ = {isa = PBXBuildFile; fileRef = 2F4BEE492AF7B7F300D35221 /* tN2kAISDTE.swift */; };
		2F4BEE4C2AF7B80800D35221 /* tN2kAISUnit.swift in Sources */ = {isa = PBXBuildFile; fileRef = 2F4BEE4B2AF7B80800D35221 /* tN2kAISUnit.swift */; };
		2F4BEE4E2AF7B81F00D35221 /* tN2kAISMode.swift in Sources */ = {isa = PBXBuildFile; fileRef = 2F4BEE4D2AF7B81F00D35221 /* tN2kAISMode.swift */; };
		2F4BEE502AF7B84100D35221 /* tN2kAISTransceiverInformation.swift in Sources */ = {isa = PBXBuildFile; fileRef = 2F4BEE4F2AF7B84100D35221 /* tN2kAISTransceiverInformation.swift */; };
		2F4BEE522AF7B86700D35221 /* tN2kMagneticVariation.swift in Sources */ = {isa = PBXBuildFile; fileRef = 2F4BEE512AF7B86700D35221 /* tN2kMagneticVariation.swift */; };
		2F4BEE542AF7B88200D35221 /* tN2kOnOff.swift in Sources */ = {isa = PBXBuildFile; fileRef = 2F4BEE532AF7B88200D35221 /* tN2kOnOff.swift */; };
		2F4BEE562AF7B89A00D35221 /* tN2kChargeState.swift in Sources */ = {isa = PBXBuildFile; fileRef = 2F4BEE552AF7B89A00D35221 /* tN2kChargeState.swift */; };
		2F4BEE582AF7B8BB00D35221 /* tN2kChargerMode.swift in Sources */ = {isa = PBXBuildFile; fileRef = 2F4BEE572AF7B8BB00D35221 /* tN2kChargerMode.swift */; };
		2F4BEE5A2AF7B8D400D35221 /* tN2kSteeringMode.swift in Sources */ = {isa = PBXBuildFile; fileRef = 2F4BEE592AF7B8D400D35221 /* tN2kSteeringMode.swift */; };
		2F4BEE5C2AF7B8EF00D35221 /* tN2kTurnMode.swift in Sources */ = {isa = PBXBuildFile; fileRef = 2F4BEE5B2AF7B8EF00D35221 /* tN2kTurnMode.swift */; };
		2F4BEE5E2AF7B90900D35221 /* tN2kMOBStatus.swift in Sources */ = {isa = PBXBuildFile; fileRef = 2F4BEE5D2AF7B90900D35221 /* tN2kMOBStatus.swift */; };
		2F4BEE602AF7B92100D35221 /* tN2kMOBPositionSource.swift in Sources */ = {isa = PBXBuildFile; fileRef = 2F4BEE5F2AF7B92100D35221 /* tN2kMOBPositionSource.swift */; };
		2F4BEE622AF7B93900D35221 /* tN2kMOBEmitterBatteryStatus.swift in Sources */ = {isa = PBXBuildFile; fileRef = 2F4BEE612AF7B93900D35221 /* tN2kMOBEmitterBatteryStatus.swift */; };
		2F4BEE652AF7BBF400D35221 /* tN2kDD002.swift in Sources */ = {isa = PBXBuildFile; fileRef = 2F4BEE642AF7BBF400D35221 /* tN2kDD002.swift */; };
		2F4BEE672AF7BCAA00D35221 /* tN2kDD025.swift in Sources */ = {isa = PBXBuildFile; fileRef = 2F4BEE662AF7BCAA00D35221 /* tN2kDD025.swift */; };
		2F4BEE692AF7BCF300D35221 /* tN2kDD072.swift in Sources */ = {isa = PBXBuildFile; fileRef = 2F4BEE682AF7BCF300D35221 /* tN2kDD072.swift */; };
		2F4BEE6B2AF7BD3400D35221 /* tN2kDD124.swift in Sources */ = {isa = PBXBuildFile; fileRef = 2F4BEE6A2AF7BD3400D35221 /* tN2kDD124.swift */; };
		2F4BEE6D2AF7BD8B00D35221 /* tN2kDD305.swift in Sources */ = {isa = PBXBuildFile; fileRef = 2F4BEE6C2AF7BD8B00D35221 /* tN2kDD305.swift */; };
		2F4BEE6F2AF7BDDA00D35221 /* tN2kDD374.swift in Sources */ = {isa = PBXBuildFile; fileRef = 2F4BEE6E2AF7BDDA00D35221 /* tN2kDD374.swift */; };
		2F4BEE712AF7BE3300D35221 /* tN2kDD473.swift in Sources */ = {isa = PBXBuildFile; fileRef = 2F4BEE702AF7BE3300D35221 /* tN2kDD473.swift */; };
		2F4BEE732AF7BE6800D35221 /* tN2kDD474.swift in Sources */ = {isa = PBXBuildFile; fileRef = 2F4BEE722AF7BE6800D35221 /* tN2kDD474.swift */; };
		2F4BEE752AF7BEB700D35221 /* tN2kDD480.swift in Sources */ = {isa = PBXBuildFile; fileRef = 2F4BEE742AF7BEB700D35221 /* tN2kDD480.swift */; };
		2F4BEE772AF7BF3700D35221 /* tN2kDD481.swift in Sources */ = {isa = PBXBuildFile; fileRef = 2F4BEE762AF7BF3700D35221 /* tN2kDD481.swift */; };
		2F4BEE792AF7BFB700D35221 /* tN2kDD482.swift in Sources */ = {isa = PBXBuildFile; fileRef = 2F4BEE782AF7BFB700D35221 /* tN2kDD482.swift */; };
		2F4BEE7B2AF7BFFE00D35221 /* tN2kDD484.swift in Sources */ = {isa = PBXBuildFile; fileRef = 2F4BEE7A2AF7BFFE00D35221 /* tN2kDD484.swift */; };
		2F4BEE7D2AF7C03900D35221 /* tN2kDD487.swift in Sources */ = {isa = PBXBuildFile; fileRef = 2F4BEE7C2AF7C03900D35221 /* tN2kDD487.swift */; };
		2F4BEE7F2AF7C07300D35221 /* tN2kDD488.swift in Sources */ = {isa = PBXBuildFile; fileRef = 2F4BEE7E2AF7C07300D35221 /* tN2kDD488.swift */; };
		2F4BEE822AF7DA0300D35221 /* source.swift in Sources */ = {isa = PBXBuildFile; fileRef = 2F4BEE812AF7DA0300D35221 /* source.swift */; };
		2F4BEE832AF7E1F700D35221 /* ActisenseReader.swift in Sources */ = {isa = PBXBuildFile; fileRef = 2F4BEDFE2AF7ABFD00D35221 /* ActisenseReader.swift */; };
		2F4BEE852AF7E4DB00D35221 /* tN2kMsg.swift in Sources */ = {isa = PBXBuildFile; fileRef = 2F4BEE842AF7E4DB00D35221 /* tN2kMsg.swift */; };
		2F4BEE872AF7E4F800D35221 /* N2kStream.swift in Sources */ = {isa = PBXBuildFile; fileRef = 2F4BEE862AF7E4F800D35221 /* N2kStream.swift */; };
/* End PBXBuildFile section */

/* Begin PBXContainerItemProxy section */
		2F4BEDC92AF7ABBA00D35221 /* PBXContainerItemProxy */ = {
			isa = PBXContainerItemProxy;
			containerPortal = 2F4BEDAA2AF7ABB700D35221 /* Project object */;
			proxyType = 1;
			remoteGlobalIDString = 2F4BEDB12AF7ABB700D35221;
			remoteInfo = N2KLibBuild;
		};
		2F4BEDD32AF7ABBA00D35221 /* PBXContainerItemProxy */ = {
			isa = PBXContainerItemProxy;
			containerPortal = 2F4BEDAA2AF7ABB700D35221 /* Project object */;
			proxyType = 1;
			remoteGlobalIDString = 2F4BEDB12AF7ABB700D35221;
			remoteInfo = N2KLibBuild;
		};
/* End PBXContainerItemProxy section */

/* Begin PBXFileReference section */
		2F4BEDB22AF7ABB700D35221 /* N2KLibBuild.app */ = {isa = PBXFileReference; explicitFileType = wrapper.application; includeInIndex = 0; path = N2KLibBuild.app; sourceTree = BUILT_PRODUCTS_DIR; };
		2F4BEDB52AF7ABB700D35221 /* N2KLibBuildApp.swift */ = {isa = PBXFileReference; lastKnownFileType = sourcecode.swift; path = N2KLibBuildApp.swift; sourceTree = "<group>"; };
		2F4BEDB72AF7ABB700D35221 /* ContentView.swift */ = {isa = PBXFileReference; lastKnownFileType = sourcecode.swift; path = ContentView.swift; sourceTree = "<group>"; };
		2F4BEDB92AF7ABB900D35221 /* Assets.xcassets */ = {isa = PBXFileReference; lastKnownFileType = folder.assetcatalog; path = Assets.xcassets; sourceTree = "<group>"; };
		2F4BEDBC2AF7ABBA00D35221 /* Preview Assets.xcassets */ = {isa = PBXFileReference; lastKnownFileType = folder.assetcatalog; path = "Preview Assets.xcassets"; sourceTree = "<group>"; };
		2F4BEDBE2AF7ABBA00D35221 /* Persistence.swift */ = {isa = PBXFileReference; lastKnownFileType = sourcecode.swift; path = Persistence.swift; sourceTree = "<group>"; };
		2F4BEDC12AF7ABBA00D35221 /* N2KLibBuild.xcdatamodel */ = {isa = PBXFileReference; lastKnownFileType = wrapper.xcdatamodel; path = N2KLibBuild.xcdatamodel; sourceTree = "<group>"; };
		2F4BEDC32AF7ABBA00D35221 /* N2KLibBuild.entitlements */ = {isa = PBXFileReference; lastKnownFileType = text.plist.entitlements; path = N2KLibBuild.entitlements; sourceTree = "<group>"; };
		2F4BEDC82AF7ABBA00D35221 /* N2KLibBuildTests.xctest */ = {isa = PBXFileReference; explicitFileType = wrapper.cfbundle; includeInIndex = 0; path = N2KLibBuildTests.xctest; sourceTree = BUILT_PRODUCTS_DIR; };
		2F4BEDCC2AF7ABBA00D35221 /* N2KLibBuildTests.swift */ = {isa = PBXFileReference; lastKnownFileType = sourcecode.swift; path = N2KLibBuildTests.swift; sourceTree = "<group>"; };
		2F4BEDD22AF7ABBA00D35221 /* N2KLibBuildUITests.xctest */ = {isa = PBXFileReference; explicitFileType = wrapper.cfbundle; includeInIndex = 0; path = N2KLibBuildUITests.xctest; sourceTree = BUILT_PRODUCTS_DIR; };
		2F4BEDD62AF7ABBA00D35221 /* N2KLibBuildUITests.swift */ = {isa = PBXFileReference; lastKnownFileType = sourcecode.swift; path = N2KLibBuildUITests.swift; sourceTree = "<group>"; };
		2F4BEDD82AF7ABBA00D35221 /* N2KLibBuildUITestsLaunchTests.swift */ = {isa = PBXFileReference; lastKnownFileType = sourcecode.swift; path = N2KLibBuildUITestsLaunchTests.swift; sourceTree = "<group>"; };
		2F4BEDE62AF7ABFC00D35221 /* N2kDeviceList.cpp */ = {isa = PBXFileReference; fileEncoding = 4; lastKnownFileType = sourcecode.cpp.cpp; path = N2kDeviceList.cpp; sourceTree = "<group>"; };
		2F4BEDE72AF7ABFC00D35221 /* N2kMsg.swift */ = {isa = PBXFileReference; fileEncoding = 4; lastKnownFileType = sourcecode.swift; path = N2kMsg.swift; sourceTree = "<group>"; };
		2F4BEDE82AF7ABFC00D35221 /* NMEA2000_CAN.h */ = {isa = PBXFileReference; fileEncoding = 4; lastKnownFileType = sourcecode.c.h; path = NMEA2000_CAN.h; sourceTree = "<group>"; };
		2F4BEDE92AF7ABFC00D35221 /* NMEA2000_CompilerDefns.h */ = {isa = PBXFileReference; fileEncoding = 4; lastKnownFileType = sourcecode.c.h; path = NMEA2000_CompilerDefns.h; sourceTree = "<group>"; };
		2F4BEDEB2AF7ABFC00D35221 /* RingBuffer.tpp */ = {isa = PBXFileReference; fileEncoding = 4; lastKnownFileType = text; path = RingBuffer.tpp; sourceTree = "<group>"; };
		2F4BEDEC2AF7ABFD00D35221 /* N2kGroupFunction.cpp */ = {isa = PBXFileReference; fileEncoding = 4; lastKnownFileType = sourcecode.cpp.cpp; path = N2kGroupFunction.cpp; sourceTree = "<group>"; };
		2F4BEDED2AF7ABFD00D35221 /* N2kStream.cpp */ = {isa = PBXFileReference; fileEncoding = 4; lastKnownFileType = sourcecode.cpp.cpp; path = N2kStream.cpp; sourceTree = "<group>"; };
		2F4BEDEE2AF7ABFD00D35221 /* Seasmart.h */ = {isa = PBXFileReference; fileEncoding = 4; lastKnownFileType = sourcecode.c.h; path = Seasmart.h; sourceTree = "<group>"; };
		2F4BEDEF2AF7ABFD00D35221 /* N2kStream.h */ = {isa = PBXFileReference; fileEncoding = 4; lastKnownFileType = sourcecode.c.h; path = N2kStream.h; sourceTree = "<group>"; };
		2F4BEDF02AF7ABFD00D35221 /* N2kDef.h */ = {isa = PBXFileReference; fileEncoding = 4; lastKnownFileType = sourcecode.c.h; path = N2kDef.h; sourceTree = "<group>"; };
		2F4BEDF12AF7ABFD00D35221 /* N2kTypes.h */ = {isa = PBXFileReference; fileEncoding = 4; lastKnownFileType = sourcecode.c.h; path = N2kTypes.h; sourceTree = "<group>"; };
		2F4BEDF22AF7ABFD00D35221 /* N2kGroupFunctionDefaultHandlers.cpp */ = {isa = PBXFileReference; fileEncoding = 4; lastKnownFileType = sourcecode.cpp.cpp; path = N2kGroupFunctionDefaultHandlers.cpp; sourceTree = "<group>"; };
		2F4BEDF32AF7ABFD00D35221 /* NMEA2000StdTypes.h */ = {isa = PBXFileReference; fileEncoding = 4; lastKnownFileType = sourcecode.c.h; path = NMEA2000StdTypes.h; sourceTree = "<group>"; };
		2F4BEDF42AF7ABFD00D35221 /* N2kMsg.cpp */ = {isa = PBXFileReference; fileEncoding = 4; lastKnownFileType = sourcecode.cpp.cpp; path = N2kMsg.cpp; sourceTree = "<group>"; };
		2F4BEDF52AF7ABFD00D35221 /* NMEA2000.h */ = {isa = PBXFileReference; fileEncoding = 4; lastKnownFileType = sourcecode.c.h; path = NMEA2000.h; sourceTree = "<group>"; };
		2F4BEDF62AF7ABFD00D35221 /* N2kTimer.cpp */ = {isa = PBXFileReference; fileEncoding = 4; lastKnownFileType = sourcecode.cpp.cpp; path = N2kTimer.cpp; sourceTree = "<group>"; };
		2F4BEDF72AF7ABFD00D35221 /* N2kMaretron.h */ = {isa = PBXFileReference; fileEncoding = 4; lastKnownFileType = sourcecode.c.h; path = N2kMaretron.h; sourceTree = "<group>"; };
		2F4BEDF82AF7ABFD00D35221 /* N2kMessages.cpp */ = {isa = PBXFileReference; fileEncoding = 4; lastKnownFileType = sourcecode.cpp.cpp; path = N2kMessages.cpp; sourceTree = "<group>"; };
		2F4BEDF92AF7ABFD00D35221 /* NMEA2000.cpp */ = {isa = PBXFileReference; fileEncoding = 4; lastKnownFileType = sourcecode.cpp.cpp; path = NMEA2000.cpp; sourceTree = "<group>"; };
		2F4BEDFA2AF7ABFD00D35221 /* N2kDeviceList.h */ = {isa = PBXFileReference; fileEncoding = 4; lastKnownFileType = sourcecode.c.h; path = N2kDeviceList.h; sourceTree = "<group>"; };
		2F4BEDFB2AF7ABFD00D35221 /* N2kGroupFunctionDefaultHandlers.h */ = {isa = PBXFileReference; fileEncoding = 4; lastKnownFileType = sourcecode.c.h; path = N2kGroupFunctionDefaultHandlers.h; sourceTree = "<group>"; };
		2F4BEDFC2AF7ABFD00D35221 /* N2kMaretron.cpp */ = {isa = PBXFileReference; fileEncoding = 4; lastKnownFileType = sourcecode.cpp.cpp; path = N2kMaretron.cpp; sourceTree = "<group>"; };
		2F4BEDFD2AF7ABFD00D35221 /* Seasmart.cpp */ = {isa = PBXFileReference; fileEncoding = 4; lastKnownFileType = sourcecode.cpp.cpp; path = Seasmart.cpp; sourceTree = "<group>"; };
		2F4BEDFE2AF7ABFD00D35221 /* ActisenseReader.swift */ = {isa = PBXFileReference; fileEncoding = 4; lastKnownFileType = sourcecode.swift; path = ActisenseReader.swift; sourceTree = "<group>"; };
		2F4BEDFF2AF7ABFD00D35221 /* N2kMessages.h */ = {isa = PBXFileReference; fileEncoding = 4; lastKnownFileType = sourcecode.c.h; path = N2kMessages.h; sourceTree = "<group>"; };
		2F4BEE002AF7ABFD00D35221 /* N2kTimer.h */ = {isa = PBXFileReference; fileEncoding = 4; lastKnownFileType = sourcecode.c.h; path = N2kTimer.h; sourceTree = "<group>"; };
		2F4BEE012AF7ABFD00D35221 /* N2kGroupFunction.h */ = {isa = PBXFileReference; fileEncoding = 4; lastKnownFileType = sourcecode.c.h; path = N2kGroupFunction.h; sourceTree = "<group>"; };
		2F4BEE022AF7ABFD00D35221 /* N2kCANMsg.h */ = {isa = PBXFileReference; fileEncoding = 4; lastKnownFileType = sourcecode.c.h; path = N2kCANMsg.h; sourceTree = "<group>"; };
		2F4BEE032AF7ABFD00D35221 /* RingBuffer.h */ = {isa = PBXFileReference; fileEncoding = 4; lastKnownFileType = sourcecode.c.h; path = RingBuffer.h; sourceTree = "<group>"; };
		2F4BEE142AF7AFB800D35221 /* N2kEnums.swift */ = {isa = PBXFileReference; fileEncoding = 4; lastKnownFileType = sourcecode.swift; path = N2kEnums.swift; sourceTree = "<group>"; };
		2F4BEE162AF7B31600D35221 /* N2KTypeAlias.swift */ = {isa = PBXFileReference; lastKnownFileType = sourcecode.swift; path = N2KTypeAlias.swift; sourceTree = "<group>"; };
		2F4BEE192AF7B39F00D35221 /* tN2kNavigationDirection.swift */ = {isa = PBXFileReference; lastKnownFileType = sourcecode.swift; path = tN2kNavigationDirection.swift; sourceTree = "<group>"; };
		2F4BEE1B2AF7B3CE00D35221 /* tN2kHeadingReference.swift */ = {isa = PBXFileReference; lastKnownFileType = sourcecode.swift; path = tN2kHeadingReference.swift; sourceTree = "<group>"; };
		2F4BEE1D2AF7B40A00D35221 /* tN2kDistanceCalculationType.swift */ = {isa = PBXFileReference; lastKnownFileType = sourcecode.swift; path = tN2kDistanceCalculationType.swift; sourceTree = "<group>"; };
		2F4BEE1F2AF7B45100D35221 /* tN2kXTEMode.swift */ = {isa = PBXFileReference; lastKnownFileType = sourcecode.swift; path = tN2kXTEMode.swift; sourceTree = "<group>"; };
		2F4BEE212AF7B49C00D35221 /* tN2kGNSStype.swift */ = {isa = PBXFileReference; lastKnownFileType = sourcecode.swift; path = tN2kGNSStype.swift; sourceTree = "<group>"; };
		2F4BEE232AF7B4DB00D35221 /* tN2kGNSSmethod.swift */ = {isa = PBXFileReference; lastKnownFileType = sourcecode.swift; path = tN2kGNSSmethod.swift; sourceTree = "<group>"; };
		2F4BEE252AF7B50E00D35221 /* tN2kGNSSDOPmode.swift */ = {isa = PBXFileReference; lastKnownFileType = sourcecode.swift; path = tN2kGNSSDOPmode.swift; sourceTree = "<group>"; };
		2F4BEE272AF7B54200D35221 /* tN2kTempSource.swift */ = {isa = PBXFileReference; lastKnownFileType = sourcecode.swift; path = tN2kTempSource.swift; sourceTree = "<group>"; };
		2F4BEE292AF7B57100D35221 /* tN2kHumiditySource.swift */ = {isa = PBXFileReference; lastKnownFileType = sourcecode.swift; path = tN2kHumiditySource.swift; sourceTree = "<group>"; };
		2F4BEE2B2AF7B59800D35221 /* tN2kPressureSource.swift */ = {isa = PBXFileReference; lastKnownFileType = sourcecode.swift; path = tN2kPressureSource.swift; sourceTree = "<group>"; };
		2F4BEE2D2AF7B5FC00D35221 /* tN2kTimeSource.swift */ = {isa = PBXFileReference; lastKnownFileType = sourcecode.swift; path = tN2kTimeSource.swift; sourceTree = "<group>"; };
		2F4BEE2F2AF7B61A00D35221 /* tN2kFluidType.swift */ = {isa = PBXFileReference; lastKnownFileType = sourcecode.swift; path = tN2kFluidType.swift; sourceTree = "<group>"; };
		2F4BEE312AF7B63C00D35221 /* tN2kWindReference.swift */ = {isa = PBXFileReference; lastKnownFileType = sourcecode.swift; path = tN2kWindReference.swift; sourceTree = "<group>"; };
		2F4BEE332AF7B66800D35221 /* tN2kSpeedWaterReferenceType.swift */ = {isa = PBXFileReference; lastKnownFileType = sourcecode.swift; path = tN2kSpeedWaterReferenceType.swift; sourceTree = "<group>"; };
		2F4BEE352AF7B68A00D35221 /* tN2kRudderDirectionOrder.swift */ = {isa = PBXFileReference; lastKnownFileType = sourcecode.swift; path = tN2kRudderDirectionOrder.swift; sourceTree = "<group>"; };
		2F4BEE372AF7B6AC00D35221 /* tN2kDCType.swift */ = {isa = PBXFileReference; lastKnownFileType = sourcecode.swift; path = tN2kDCType.swift; sourceTree = "<group>"; };
		2F4BEE392AF7B6D200D35221 /* tN2kBatType.swift */ = {isa = PBXFileReference; lastKnownFileType = sourcecode.swift; path = tN2kBatType.swift; sourceTree = "<group>"; };
		2F4BEE3B2AF7B6F400D35221 /* tN2kBatEqSupport.swift */ = {isa = PBXFileReference; lastKnownFileType = sourcecode.swift; path = tN2kBatEqSupport.swift; sourceTree = "<group>"; };
		2F4BEE3D2AF7B71500D35221 /* tN2kBatChem.swift */ = {isa = PBXFileReference; lastKnownFileType = sourcecode.swift; path = tN2kBatChem.swift; sourceTree = "<group>"; };
		2F4BEE3F2AF7B73800D35221 /* tN2kBatNomVolt.swift */ = {isa = PBXFileReference; lastKnownFileType = sourcecode.swift; path = tN2kBatNomVolt.swift; sourceTree = "<group>"; };
		2F4BEE412AF7B78400D35221 /* tN2kTransmissionGear.swift */ = {isa = PBXFileReference; lastKnownFileType = sourcecode.swift; path = tN2kTransmissionGear.swift; sourceTree = "<group>"; };
		2F4BEE432AF7B79F00D35221 /* tN2kAISRepeat.swift */ = {isa = PBXFileReference; lastKnownFileType = sourcecode.swift; path = tN2kAISRepeat.swift; sourceTree = "<group>"; };
		2F4BEE452AF7B7B700D35221 /* tN2kAISVersion.swift */ = {isa = PBXFileReference; lastKnownFileType = sourcecode.swift; path = tN2kAISVersion.swift; sourceTree = "<group>"; };
		2F4BEE472AF7B7D300D35221 /* tN2kAISNavStatus.swift */ = {isa = PBXFileReference; lastKnownFileType = sourcecode.swift; path = tN2kAISNavStatus.swift; sourceTree = "<group>"; };
		2F4BEE492AF7B7F300D35221 /* tN2kAISDTE.swift */ = {isa = PBXFileReference; lastKnownFileType = sourcecode.swift; path = tN2kAISDTE.swift; sourceTree = "<group>"; };
		2F4BEE4B2AF7B80800D35221 /* tN2kAISUnit.swift */ = {isa = PBXFileReference; lastKnownFileType = sourcecode.swift; path = tN2kAISUnit.swift; sourceTree = "<group>"; };
		2F4BEE4D2AF7B81F00D35221 /* tN2kAISMode.swift */ = {isa = PBXFileReference; lastKnownFileType = sourcecode.swift; path = tN2kAISMode.swift; sourceTree = "<group>"; };
		2F4BEE4F2AF7B84100D35221 /* tN2kAISTransceiverInformation.swift */ = {isa = PBXFileReference; lastKnownFileType = sourcecode.swift; path = tN2kAISTransceiverInformation.swift; sourceTree = "<group>"; };
		2F4BEE512AF7B86700D35221 /* tN2kMagneticVariation.swift */ = {isa = PBXFileReference; lastKnownFileType = sourcecode.swift; path = tN2kMagneticVariation.swift; sourceTree = "<group>"; };
		2F4BEE532AF7B88200D35221 /* tN2kOnOff.swift */ = {isa = PBXFileReference; lastKnownFileType = sourcecode.swift; path = tN2kOnOff.swift; sourceTree = "<group>"; };
		2F4BEE552AF7B89A00D35221 /* tN2kChargeState.swift */ = {isa = PBXFileReference; lastKnownFileType = sourcecode.swift; path = tN2kChargeState.swift; sourceTree = "<group>"; };
		2F4BEE572AF7B8BB00D35221 /* tN2kChargerMode.swift */ = {isa = PBXFileReference; lastKnownFileType = sourcecode.swift; path = tN2kChargerMode.swift; sourceTree = "<group>"; };
		2F4BEE592AF7B8D400D35221 /* tN2kSteeringMode.swift */ = {isa = PBXFileReference; lastKnownFileType = sourcecode.swift; path = tN2kSteeringMode.swift; sourceTree = "<group>"; };
		2F4BEE5B2AF7B8EF00D35221 /* tN2kTurnMode.swift */ = {isa = PBXFileReference; lastKnownFileType = sourcecode.swift; path = tN2kTurnMode.swift; sourceTree = "<group>"; };
		2F4BEE5D2AF7B90900D35221 /* tN2kMOBStatus.swift */ = {isa = PBXFileReference; lastKnownFileType = sourcecode.swift; path = tN2kMOBStatus.swift; sourceTree = "<group>"; };
		2F4BEE5F2AF7B92100D35221 /* tN2kMOBPositionSource.swift */ = {isa = PBXFileReference; lastKnownFileType = sourcecode.swift; path = tN2kMOBPositionSource.swift; sourceTree = "<group>"; };
		2F4BEE612AF7B93900D35221 /* tN2kMOBEmitterBatteryStatus.swift */ = {isa = PBXFileReference; lastKnownFileType = sourcecode.swift; path = tN2kMOBEmitterBatteryStatus.swift; sourceTree = "<group>"; };
		2F4BEE642AF7BBF400D35221 /* tN2kDD002.swift */ = {isa = PBXFileReference; lastKnownFileType = sourcecode.swift; path = tN2kDD002.swift; sourceTree = "<group>"; };
		2F4BEE662AF7BCAA00D35221 /* tN2kDD025.swift */ = {isa = PBXFileReference; lastKnownFileType = sourcecode.swift; path = tN2kDD025.swift; sourceTree = "<group>"; };
		2F4BEE682AF7BCF300D35221 /* tN2kDD072.swift */ = {isa = PBXFileReference; lastKnownFileType = sourcecode.swift; path = tN2kDD072.swift; sourceTree = "<group>"; };
		2F4BEE6A2AF7BD3400D35221 /* tN2kDD124.swift */ = {isa = PBXFileReference; lastKnownFileType = sourcecode.swift; path = tN2kDD124.swift; sourceTree = "<group>"; };
		2F4BEE6C2AF7BD8B00D35221 /* tN2kDD305.swift */ = {isa = PBXFileReference; lastKnownFileType = sourcecode.swift; path = tN2kDD305.swift; sourceTree = "<group>"; };
		2F4BEE6E2AF7BDDA00D35221 /* tN2kDD374.swift */ = {isa = PBXFileReference; lastKnownFileType = sourcecode.swift; path = tN2kDD374.swift; sourceTree = "<group>"; };
		2F4BEE702AF7BE3300D35221 /* tN2kDD473.swift */ = {isa = PBXFileReference; lastKnownFileType = sourcecode.swift; path = tN2kDD473.swift; sourceTree = "<group>"; };
		2F4BEE722AF7BE6800D35221 /* tN2kDD474.swift */ = {isa = PBXFileReference; lastKnownFileType = sourcecode.swift; path = tN2kDD474.swift; sourceTree = "<group>"; };
		2F4BEE742AF7BEB700D35221 /* tN2kDD480.swift */ = {isa = PBXFileReference; lastKnownFileType = sourcecode.swift; path = tN2kDD480.swift; sourceTree = "<group>"; };
		2F4BEE762AF7BF3700D35221 /* tN2kDD481.swift */ = {isa = PBXFileReference; lastKnownFileType = sourcecode.swift; path = tN2kDD481.swift; sourceTree = "<group>"; };
		2F4BEE782AF7BFB700D35221 /* tN2kDD482.swift */ = {isa = PBXFileReference; lastKnownFileType = sourcecode.swift; path = tN2kDD482.swift; sourceTree = "<group>"; };
		2F4BEE7A2AF7BFFE00D35221 /* tN2kDD484.swift */ = {isa = PBXFileReference; lastKnownFileType = sourcecode.swift; path = tN2kDD484.swift; sourceTree = "<group>"; };
		2F4BEE7C2AF7C03900D35221 /* tN2kDD487.swift */ = {isa = PBXFileReference; lastKnownFileType = sourcecode.swift; path = tN2kDD487.swift; sourceTree = "<group>"; };
		2F4BEE7E2AF7C07300D35221 /* tN2kDD488.swift */ = {isa = PBXFileReference; lastKnownFileType = sourcecode.swift; path = tN2kDD488.swift; sourceTree = "<group>"; };
		2F4BEE812AF7DA0300D35221 /* source.swift */ = {isa = PBXFileReference; lastKnownFileType = sourcecode.swift; path = source.swift; sourceTree = "<group>"; };
		2F4BEE842AF7E4DB00D35221 /* tN2kMsg.swift */ = {isa = PBXFileReference; lastKnownFileType = sourcecode.swift; path = tN2kMsg.swift; sourceTree = "<group>"; };
		2F4BEE862AF7E4F800D35221 /* N2kStream.swift */ = {isa = PBXFileReference; lastKnownFileType = sourcecode.swift; path = N2kStream.swift; sourceTree = "<group>"; };
/* End PBXFileReference section */

/* Begin PBXFrameworksBuildPhase section */
		2F4BEDAF2AF7ABB700D35221 /* Frameworks */ = {
			isa = PBXFrameworksBuildPhase;
			buildActionMask = 2147483647;
			files = (
			);
			runOnlyForDeploymentPostprocessing = 0;
		};
		2F4BEDC52AF7ABBA00D35221 /* Frameworks */ = {
			isa = PBXFrameworksBuildPhase;
			buildActionMask = 2147483647;
			files = (
			);
			runOnlyForDeploymentPostprocessing = 0;
		};
		2F4BEDCF2AF7ABBA00D35221 /* Frameworks */ = {
			isa = PBXFrameworksBuildPhase;
			buildActionMask = 2147483647;
			files = (
			);
			runOnlyForDeploymentPostprocessing = 0;
		};
/* End PBXFrameworksBuildPhase section */

/* Begin PBXGroup section */
		2F4BEDA92AF7ABB700D35221 = {
			isa = PBXGroup;
			children = (
				2F4BEDB42AF7ABB700D35221 /* N2KLibBuild */,
				2F4BEDCB2AF7ABBA00D35221 /* N2KLibBuildTests */,
				2F4BEDD52AF7ABBA00D35221 /* N2KLibBuildUITests */,
				2F4BEDB32AF7ABB700D35221 /* Products */,
			);
			sourceTree = "<group>";
		};
		2F4BEDB32AF7ABB700D35221 /* Products */ = {
			isa = PBXGroup;
			children = (
				2F4BEDB22AF7ABB700D35221 /* N2KLibBuild.app */,
				2F4BEDC82AF7ABBA00D35221 /* N2KLibBuildTests.xctest */,
				2F4BEDD22AF7ABBA00D35221 /* N2KLibBuildUITests.xctest */,
			);
			name = Products;
			sourceTree = "<group>";
		};
		2F4BEDB42AF7ABB700D35221 /* N2KLibBuild */ = {
			isa = PBXGroup;
			children = (
				2F4BEE132AF7AF8D00D35221 /* Swift */,
				2F4BEDE52AF7ABFC00D35221 /* CPP */,
				2F4BEDB52AF7ABB700D35221 /* N2KLibBuildApp.swift */,
				2F4BEDB72AF7ABB700D35221 /* ContentView.swift */,
				2F4BEDB92AF7ABB900D35221 /* Assets.xcassets */,
				2F4BEDBE2AF7ABBA00D35221 /* Persistence.swift */,
				2F4BEDC32AF7ABBA00D35221 /* N2KLibBuild.entitlements */,
				2F4BEDC02AF7ABBA00D35221 /* N2KLibBuild.xcdatamodeld */,
				2F4BEDBB2AF7ABBA00D35221 /* Preview Content */,
			);
			path = N2KLibBuild;
			sourceTree = "<group>";
		};
		2F4BEDBB2AF7ABBA00D35221 /* Preview Content */ = {
			isa = PBXGroup;
			children = (
				2F4BEDBC2AF7ABBA00D35221 /* Preview Assets.xcassets */,
			);
			path = "Preview Content";
			sourceTree = "<group>";
		};
		2F4BEDCB2AF7ABBA00D35221 /* N2KLibBuildTests */ = {
			isa = PBXGroup;
			children = (
				2F4BEDCC2AF7ABBA00D35221 /* N2KLibBuildTests.swift */,
			);
			path = N2KLibBuildTests;
			sourceTree = "<group>";
		};
		2F4BEDD52AF7ABBA00D35221 /* N2KLibBuildUITests */ = {
			isa = PBXGroup;
			children = (
				2F4BEDD62AF7ABBA00D35221 /* N2KLibBuildUITests.swift */,
				2F4BEDD82AF7ABBA00D35221 /* N2KLibBuildUITestsLaunchTests.swift */,
			);
			path = N2KLibBuildUITests;
			sourceTree = "<group>";
		};
		2F4BEDE52AF7ABFC00D35221 /* CPP */ = {
			isa = PBXGroup;
			children = (
				2F4BEE032AF7ABFD00D35221 /* RingBuffer.h */,
				2F4BEDEB2AF7ABFC00D35221 /* RingBuffer.tpp */,
				2F4BEDEE2AF7ABFD00D35221 /* Seasmart.h */,
				2F4BEDFD2AF7ABFD00D35221 /* Seasmart.cpp */,
				2F4BEE022AF7ABFD00D35221 /* N2kCANMsg.h */,
				2F4BEDF02AF7ABFD00D35221 /* N2kDef.h */,
				2F4BEDFA2AF7ABFD00D35221 /* N2kDeviceList.h */,
				2F4BEDE62AF7ABFC00D35221 /* N2kDeviceList.cpp */,
				2F4BEE012AF7ABFD00D35221 /* N2kGroupFunction.h */,
				2F4BEDEC2AF7ABFD00D35221 /* N2kGroupFunction.cpp */,
				2F4BEDFB2AF7ABFD00D35221 /* N2kGroupFunctionDefaultHandlers.h */,
				2F4BEDF22AF7ABFD00D35221 /* N2kGroupFunctionDefaultHandlers.cpp */,
				2F4BEDE72AF7ABFC00D35221 /* N2kMsg.swift */,
				2F4BEDF42AF7ABFD00D35221 /* N2kMsg.cpp */,
				2F4BEDF72AF7ABFD00D35221 /* N2kMaretron.h */,
				2F4BEDFC2AF7ABFD00D35221 /* N2kMaretron.cpp */,
				2F4BEDFF2AF7ABFD00D35221 /* N2kMessages.h */,
				2F4BEDF82AF7ABFD00D35221 /* N2kMessages.cpp */,
				2F4BEDEF2AF7ABFD00D35221 /* N2kStream.h */,
				2F4BEDED2AF7ABFD00D35221 /* N2kStream.cpp */,
				2F4BEE002AF7ABFD00D35221 /* N2kTimer.h */,
				2F4BEDF62AF7ABFD00D35221 /* N2kTimer.cpp */,
				2F4BEDF12AF7ABFD00D35221 /* N2kTypes.h */,
				2F4BEDF52AF7ABFD00D35221 /* NMEA2000.h */,
				2F4BEDF92AF7ABFD00D35221 /* NMEA2000.cpp */,
				2F4BEDE82AF7ABFC00D35221 /* NMEA2000_CAN.h */,
				2F4BEDE92AF7ABFC00D35221 /* NMEA2000_CompilerDefns.h */,
				2F4BEDF32AF7ABFD00D35221 /* NMEA2000StdTypes.h */,
			);
			path = CPP;
			sourceTree = "<group>";
		};
		2F4BEE132AF7AF8D00D35221 /* Swift */ = {
			isa = PBXGroup;
			children = (
				2F4BEE802AF7D9D800D35221 /* N2K Enums */,
				2F4BEE632AF7BBD700D35221 /* StdType Enums */,
				2F4BEE182AF7B38A00D35221 /* Enums */,
				2F4BEE162AF7B31600D35221 /* N2KTypeAlias.swift */,
				2F4BEDFE2AF7ABFD00D35221 /* ActisenseReader.swift */,
				2F4BEE842AF7E4DB00D35221 /* tN2kMsg.swift */,
				2F4BEE862AF7E4F800D35221 /* N2kStream.swift */,
			);
			path = Swift;
			sourceTree = "<group>";
		};
		2F4BEE182AF7B38A00D35221 /* Enums */ = {
			isa = PBXGroup;
			children = (
				2F4BEE142AF7AFB800D35221 /* N2kEnums.swift */,
				2F4BEE192AF7B39F00D35221 /* tN2kNavigationDirection.swift */,
				2F4BEE1B2AF7B3CE00D35221 /* tN2kHeadingReference.swift */,
				2F4BEE1D2AF7B40A00D35221 /* tN2kDistanceCalculationType.swift */,
				2F4BEE1F2AF7B45100D35221 /* tN2kXTEMode.swift */,
				2F4BEE212AF7B49C00D35221 /* tN2kGNSStype.swift */,
				2F4BEE232AF7B4DB00D35221 /* tN2kGNSSmethod.swift */,
				2F4BEE252AF7B50E00D35221 /* tN2kGNSSDOPmode.swift */,
				2F4BEE272AF7B54200D35221 /* tN2kTempSource.swift */,
				2F4BEE292AF7B57100D35221 /* tN2kHumiditySource.swift */,
				2F4BEE2B2AF7B59800D35221 /* tN2kPressureSource.swift */,
				2F4BEE2D2AF7B5FC00D35221 /* tN2kTimeSource.swift */,
				2F4BEE2F2AF7B61A00D35221 /* tN2kFluidType.swift */,
				2F4BEE312AF7B63C00D35221 /* tN2kWindReference.swift */,
				2F4BEE332AF7B66800D35221 /* tN2kSpeedWaterReferenceType.swift */,
				2F4BEE352AF7B68A00D35221 /* tN2kRudderDirectionOrder.swift */,
				2F4BEE372AF7B6AC00D35221 /* tN2kDCType.swift */,
				2F4BEE392AF7B6D200D35221 /* tN2kBatType.swift */,
				2F4BEE3B2AF7B6F400D35221 /* tN2kBatEqSupport.swift */,
				2F4BEE3D2AF7B71500D35221 /* tN2kBatChem.swift */,
				2F4BEE3F2AF7B73800D35221 /* tN2kBatNomVolt.swift */,
				2F4BEE412AF7B78400D35221 /* tN2kTransmissionGear.swift */,
				2F4BEE432AF7B79F00D35221 /* tN2kAISRepeat.swift */,
				2F4BEE452AF7B7B700D35221 /* tN2kAISVersion.swift */,
				2F4BEE472AF7B7D300D35221 /* tN2kAISNavStatus.swift */,
				2F4BEE492AF7B7F300D35221 /* tN2kAISDTE.swift */,
				2F4BEE4B2AF7B80800D35221 /* tN2kAISUnit.swift */,
				2F4BEE4D2AF7B81F00D35221 /* tN2kAISMode.swift */,
				2F4BEE4F2AF7B84100D35221 /* tN2kAISTransceiverInformation.swift */,
				2F4BEE512AF7B86700D35221 /* tN2kMagneticVariation.swift */,
				2F4BEE532AF7B88200D35221 /* tN2kOnOff.swift */,
				2F4BEE552AF7B89A00D35221 /* tN2kChargeState.swift */,
				2F4BEE572AF7B8BB00D35221 /* tN2kChargerMode.swift */,
				2F4BEE592AF7B8D400D35221 /* tN2kSteeringMode.swift */,
				2F4BEE5B2AF7B8EF00D35221 /* tN2kTurnMode.swift */,
				2F4BEE5D2AF7B90900D35221 /* tN2kMOBStatus.swift */,
				2F4BEE5F2AF7B92100D35221 /* tN2kMOBPositionSource.swift */,
				2F4BEE612AF7B93900D35221 /* tN2kMOBEmitterBatteryStatus.swift */,
			);
			path = Enums;
			sourceTree = "<group>";
		};
		2F4BEE632AF7BBD700D35221 /* StdType Enums */ = {
			isa = PBXGroup;
			children = (
				2F4BEE642AF7BBF400D35221 /* tN2kDD002.swift */,
				2F4BEE682AF7BCF300D35221 /* tN2kDD072.swift */,
				2F4BEE662AF7BCAA00D35221 /* tN2kDD025.swift */,
				2F4BEE6A2AF7BD3400D35221 /* tN2kDD124.swift */,
				2F4BEE6C2AF7BD8B00D35221 /* tN2kDD305.swift */,
				2F4BEE6E2AF7BDDA00D35221 /* tN2kDD374.swift */,
				2F4BEE702AF7BE3300D35221 /* tN2kDD473.swift */,
				2F4BEE722AF7BE6800D35221 /* tN2kDD474.swift */,
				2F4BEE742AF7BEB700D35221 /* tN2kDD480.swift */,
				2F4BEE762AF7BF3700D35221 /* tN2kDD481.swift */,
				2F4BEE782AF7BFB700D35221 /* tN2kDD482.swift */,
				2F4BEE7A2AF7BFFE00D35221 /* tN2kDD484.swift */,
				2F4BEE7C2AF7C03900D35221 /* tN2kDD487.swift */,
				2F4BEE7E2AF7C07300D35221 /* tN2kDD488.swift */,
			);
			path = "StdType Enums";
			sourceTree = "<group>";
		};
		2F4BEE802AF7D9D800D35221 /* N2K Enums */ = {
			isa = PBXGroup;
			children = (
				2F4BEE812AF7DA0300D35221 /* source.swift */,
			);
			path = "N2K Enums";
			sourceTree = "<group>";
		};
/* End PBXGroup section */

/* Begin PBXNativeTarget section */
		2F4BEDB12AF7ABB700D35221 /* N2KLibBuild */ = {
			isa = PBXNativeTarget;
			buildConfigurationList = 2F4BEDDC2AF7ABBA00D35221 /* Build configuration list for PBXNativeTarget "N2KLibBuild" */;
			buildPhases = (
				2F4BEDAE2AF7ABB700D35221 /* Sources */,
				2F4BEDAF2AF7ABB700D35221 /* Frameworks */,
				2F4BEDB02AF7ABB700D35221 /* Resources */,
			);
			buildRules = (
			);
			dependencies = (
			);
			name = N2KLibBuild;
			productName = N2KLibBuild;
			productReference = 2F4BEDB22AF7ABB700D35221 /* N2KLibBuild.app */;
			productType = "com.apple.product-type.application";
		};
		2F4BEDC72AF7ABBA00D35221 /* N2KLibBuildTests */ = {
			isa = PBXNativeTarget;
			buildConfigurationList = 2F4BEDDF2AF7ABBA00D35221 /* Build configuration list for PBXNativeTarget "N2KLibBuildTests" */;
			buildPhases = (
				2F4BEDC42AF7ABBA00D35221 /* Sources */,
				2F4BEDC52AF7ABBA00D35221 /* Frameworks */,
				2F4BEDC62AF7ABBA00D35221 /* Resources */,
			);
			buildRules = (
			);
			dependencies = (
				2F4BEDCA2AF7ABBA00D35221 /* PBXTargetDependency */,
			);
			name = N2KLibBuildTests;
			productName = N2KLibBuildTests;
			productReference = 2F4BEDC82AF7ABBA00D35221 /* N2KLibBuildTests.xctest */;
			productType = "com.apple.product-type.bundle.unit-test";
		};
		2F4BEDD12AF7ABBA00D35221 /* N2KLibBuildUITests */ = {
			isa = PBXNativeTarget;
			buildConfigurationList = 2F4BEDE22AF7ABBA00D35221 /* Build configuration list for PBXNativeTarget "N2KLibBuildUITests" */;
			buildPhases = (
				2F4BEDCE2AF7ABBA00D35221 /* Sources */,
				2F4BEDCF2AF7ABBA00D35221 /* Frameworks */,
				2F4BEDD02AF7ABBA00D35221 /* Resources */,
			);
			buildRules = (
			);
			dependencies = (
				2F4BEDD42AF7ABBA00D35221 /* PBXTargetDependency */,
			);
			name = N2KLibBuildUITests;
			productName = N2KLibBuildUITests;
			productReference = 2F4BEDD22AF7ABBA00D35221 /* N2KLibBuildUITests.xctest */;
			productType = "com.apple.product-type.bundle.ui-testing";
		};
/* End PBXNativeTarget section */

/* Begin PBXProject section */
		2F4BEDAA2AF7ABB700D35221 /* Project object */ = {
			isa = PBXProject;
			attributes = {
				BuildIndependentTargetsInParallel = 1;
				LastSwiftUpdateCheck = 1500;
				LastUpgradeCheck = 1500;
				TargetAttributes = {
					2F4BEDB12AF7ABB700D35221 = {
						CreatedOnToolsVersion = 15.0.1;
					};
					2F4BEDC72AF7ABBA00D35221 = {
						CreatedOnToolsVersion = 15.0.1;
						TestTargetID = 2F4BEDB12AF7ABB700D35221;
					};
					2F4BEDD12AF7ABBA00D35221 = {
						CreatedOnToolsVersion = 15.0.1;
						TestTargetID = 2F4BEDB12AF7ABB700D35221;
					};
				};
			};
			buildConfigurationList = 2F4BEDAD2AF7ABB700D35221 /* Build configuration list for PBXProject "N2KLibBuild" */;
			compatibilityVersion = "Xcode 14.0";
			developmentRegion = en;
			hasScannedForEncodings = 0;
			knownRegions = (
				en,
				Base,
			);
			mainGroup = 2F4BEDA92AF7ABB700D35221;
			productRefGroup = 2F4BEDB32AF7ABB700D35221 /* Products */;
			projectDirPath = "";
			projectRoot = "";
			targets = (
				2F4BEDB12AF7ABB700D35221 /* N2KLibBuild */,
				2F4BEDC72AF7ABBA00D35221 /* N2KLibBuildTests */,
				2F4BEDD12AF7ABBA00D35221 /* N2KLibBuildUITests */,
			);
		};
/* End PBXProject section */

/* Begin PBXResourcesBuildPhase section */
		2F4BEDB02AF7ABB700D35221 /* Resources */ = {
			isa = PBXResourcesBuildPhase;
			buildActionMask = 2147483647;
			files = (
				2F4BEDBD2AF7ABBA00D35221 /* Preview Assets.xcassets in Resources */,
				2F4BEDBA2AF7ABB900D35221 /* Assets.xcassets in Resources */,
				2F4BEE082AF7ABFD00D35221 /* RingBuffer.tpp in Resources */,
			);
			runOnlyForDeploymentPostprocessing = 0;
		};
		2F4BEDC62AF7ABBA00D35221 /* Resources */ = {
			isa = PBXResourcesBuildPhase;
			buildActionMask = 2147483647;
			files = (
			);
			runOnlyForDeploymentPostprocessing = 0;
		};
		2F4BEDD02AF7ABBA00D35221 /* Resources */ = {
			isa = PBXResourcesBuildPhase;
			buildActionMask = 2147483647;
			files = (
			);
			runOnlyForDeploymentPostprocessing = 0;
		};
/* End PBXResourcesBuildPhase section */

/* Begin PBXSourcesBuildPhase section */
		2F4BEDAE2AF7ABB700D35221 /* Sources */ = {
			isa = PBXSourcesBuildPhase;
			buildActionMask = 2147483647;
			files = (
				2F4BEE1C2AF7B3CE00D35221 /* tN2kHeadingReference.swift in Sources */,
				2F4BEE7F2AF7C07300D35221 /* tN2kDD488.swift in Sources */,
				2F4BEE4C2AF7B80800D35221 /* tN2kAISUnit.swift in Sources */,
				2F4BEE422AF7B78400D35221 /* tN2kTransmissionGear.swift in Sources */,
				2F4BEE0B2AF7ABFD00D35221 /* N2kGroupFunctionDefaultHandlers.cpp in Sources */,
				2F4BEE322AF7B63C00D35221 /* tN2kWindReference.swift in Sources */,
				2F4BEE262AF7B50E00D35221 /* tN2kGNSSDOPmode.swift in Sources */,
				2F4BEE6B2AF7BD3400D35221 /* tN2kDD124.swift in Sources */,
				2F4BEE872AF7E4F800D35221 /* N2kStream.swift in Sources */,
				2F4BEE202AF7B45100D35221 /* tN2kXTEMode.swift in Sources */,
				2F4BEDBF2AF7ABBA00D35221 /* Persistence.swift in Sources */,
				2F4BEE522AF7B86700D35221 /* tN2kMagneticVariation.swift in Sources */,
				2F4BEE302AF7B61A00D35221 /* tN2kFluidType.swift in Sources */,
				2F4BEE562AF7B89A00D35221 /* tN2kChargeState.swift in Sources */,
				2F4BEE7D2AF7C03900D35221 /* tN2kDD487.swift in Sources */,
				2F4BEE852AF7E4DB00D35221 /* tN2kMsg.swift in Sources */,
				2F4BEE792AF7BFB700D35221 /* tN2kDD482.swift in Sources */,
				2F4BEE4E2AF7B81F00D35221 /* tN2kAISMode.swift in Sources */,
				2F4BEE0C2AF7ABFD00D35221 /* N2kMsg.cpp in Sources */,
				2F4BEE402AF7B73800D35221 /* tN2kBatNomVolt.swift in Sources */,
				2F4BEDB82AF7ABB700D35221 /* ContentView.swift in Sources */,
				2F4BEE7B2AF7BFFE00D35221 /* tN2kDD484.swift in Sources */,
				2F4BEE102AF7ABFD00D35221 /* N2kMaretron.cpp in Sources */,
				2F4BEE0E2AF7ABFD00D35221 /* N2kMessages.cpp in Sources */,
				2F4BEE062AF7ABFD00D35221 /* N2kDeviceList.cpp in Sources */,
				2F4BEE382AF7B6AC00D35221 /* tN2kDCType.swift in Sources */,
				2F4BEE092AF7ABFD00D35221 /* N2kGroupFunction.cpp in Sources */,
				2F4BEE1E2AF7B40A00D35221 /* tN2kDistanceCalculationType.swift in Sources */,
				2F4BEE3E2AF7B71500D35221 /* tN2kBatChem.swift in Sources */,
				2F4BEE6F2AF7BDDA00D35221 /* tN2kDD374.swift in Sources */,
				2F4BEDC22AF7ABBA00D35221 /* N2KLibBuild.xcdatamodeld in Sources */,
				2F4BEE2C2AF7B59800D35221 /* tN2kPressureSource.swift in Sources */,
				2F4BEE172AF7B31600D35221 /* N2KTypeAlias.swift in Sources */,
				2F4BEE582AF7B8BB00D35221 /* tN2kChargerMode.swift in Sources */,
				2F4BEE242AF7B4DB00D35221 /* tN2kGNSSmethod.swift in Sources */,
				2F4BEE1A2AF7B39F00D35221 /* tN2kNavigationDirection.swift in Sources */,
				2F4BEE152AF7AFB800D35221 /* N2kEnums.swift in Sources */,
				2F4BEE752AF7BEB700D35221 /* tN2kDD480.swift in Sources */,
				2F4BEE822AF7DA0300D35221 /* source.swift in Sources */,
				2F4BEE442AF7B79F00D35221 /* tN2kAISRepeat.swift in Sources */,
				2F4BEE0F2AF7ABFD00D35221 /* NMEA2000.cpp in Sources */,
				2F4BEE5C2AF7B8EF00D35221 /* tN2kTurnMode.swift in Sources */,
				2F4BEE672AF7BCAA00D35221 /* tN2kDD025.swift in Sources */,
				2F4BEE6D2AF7BD8B00D35221 /* tN2kDD305.swift in Sources */,
				2F4BEE3A2AF7B6D200D35221 /* tN2kBatType.swift in Sources */,
				2F4BEE712AF7BE3300D35221 /* tN2kDD473.swift in Sources */,
				2F4BEE692AF7BCF300D35221 /* tN2kDD072.swift in Sources */,
				2F4BEE542AF7B88200D35221 /* tN2kOnOff.swift in Sources */,
				2F4BEE5A2AF7B8D400D35221 /* tN2kSteeringMode.swift in Sources */,
				2F4BEE222AF7B49C00D35221 /* tN2kGNSStype.swift in Sources */,
				2F4BEE502AF7B84100D35221 /* tN2kAISTransceiverInformation.swift in Sources */,
				2F4BEE622AF7B93900D35221 /* tN2kMOBEmitterBatteryStatus.swift in Sources */,
				2F4BEE772AF7BF3700D35221 /* tN2kDD481.swift in Sources */,
				2F4BEE602AF7B92100D35221 /* tN2kMOBPositionSource.swift in Sources */,
				2F4BEE282AF7B54200D35221 /* tN2kTempSource.swift in Sources */,
				2F4BEE4A2AF7B7F300D35221 /* tN2kAISDTE.swift in Sources */,
				2F4BEE0D2AF7ABFD00D35221 /* N2kTimer.cpp in Sources */,
				2F4BEE342AF7B66800D35221 /* tN2kSpeedWaterReferenceType.swift in Sources */,
				2F4BEE732AF7BE6800D35221 /* tN2kDD474.swift in Sources */,
				2F4BEE482AF7B7D300D35221 /* tN2kAISNavStatus.swift in Sources */,
				2F4BEE2A2AF7B57100D35221 /* tN2kHumiditySource.swift in Sources */,
				2F4BEE462AF7B7B700D35221 /* tN2kAISVersion.swift in Sources */,
				2F4BEE362AF7B68A00D35221 /* tN2kRudderDirectionOrder.swift in Sources */,
				2F4BEE3C2AF7B6F400D35221 /* tN2kBatEqSupport.swift in Sources */,
				2F4BEDB62AF7ABB700D35221 /* N2KLibBuildApp.swift in Sources */,
				2F4BEE0A2AF7ABFD00D35221 /* N2kStream.cpp in Sources */,
				2F4BEE652AF7BBF400D35221 /* tN2kDD002.swift in Sources */,
				2F4BEE2E2AF7B5FC00D35221 /* tN2kTimeSource.swift in Sources */,
				2F4BEE112AF7ABFD00D35221 /* Seasmart.cpp in Sources */,
				2F4BEE832AF7E1F700D35221 /* ActisenseReader.swift in Sources */,
				2F4BEE5E2AF7B90900D35221 /* tN2kMOBStatus.swift in Sources */,
			);
			runOnlyForDeploymentPostprocessing = 0;
		};
		2F4BEDC42AF7ABBA00D35221 /* Sources */ = {
			isa = PBXSourcesBuildPhase;
			buildActionMask = 2147483647;
			files = (
				2F4BEDCD2AF7ABBA00D35221 /* N2KLibBuildTests.swift in Sources */,
			);
			runOnlyForDeploymentPostprocessing = 0;
		};
		2F4BEDCE2AF7ABBA00D35221 /* Sources */ = {
			isa = PBXSourcesBuildPhase;
			buildActionMask = 2147483647;
			files = (
				2F4BEDD72AF7ABBA00D35221 /* N2KLibBuildUITests.swift in Sources */,
				2F4BEDD92AF7ABBA00D35221 /* N2KLibBuildUITestsLaunchTests.swift in Sources */,
			);
			runOnlyForDeploymentPostprocessing = 0;
		};
/* End PBXSourcesBuildPhase section */

/* Begin PBXTargetDependency section */
		2F4BEDCA2AF7ABBA00D35221 /* PBXTargetDependency */ = {
			isa = PBXTargetDependency;
			target = 2F4BEDB12AF7ABB700D35221 /* N2KLibBuild */;
			targetProxy = 2F4BEDC92AF7ABBA00D35221 /* PBXContainerItemProxy */;
		};
		2F4BEDD42AF7ABBA00D35221 /* PBXTargetDependency */ = {
			isa = PBXTargetDependency;
			target = 2F4BEDB12AF7ABB700D35221 /* N2KLibBuild */;
			targetProxy = 2F4BEDD32AF7ABBA00D35221 /* PBXContainerItemProxy */;
		};
/* End PBXTargetDependency section */

/* Begin XCBuildConfiguration section */
		2F4BEDDA2AF7ABBA00D35221 /* Debug */ = {
			isa = XCBuildConfiguration;
			buildSettings = {
				ALWAYS_SEARCH_USER_PATHS = NO;
				ASSETCATALOG_COMPILER_GENERATE_SWIFT_ASSET_SYMBOL_EXTENSIONS = YES;
				CLANG_ANALYZER_NONNULL = YES;
				CLANG_ANALYZER_NUMBER_OBJECT_CONVERSION = YES_AGGRESSIVE;
				CLANG_CXX_LANGUAGE_STANDARD = "gnu++20";
				CLANG_ENABLE_MODULES = YES;
				CLANG_ENABLE_OBJC_ARC = YES;
				CLANG_ENABLE_OBJC_WEAK = YES;
				CLANG_WARN_BLOCK_CAPTURE_AUTORELEASING = YES;
				CLANG_WARN_BOOL_CONVERSION = YES;
				CLANG_WARN_COMMA = YES;
				CLANG_WARN_CONSTANT_CONVERSION = YES;
				CLANG_WARN_DEPRECATED_OBJC_IMPLEMENTATIONS = YES;
				CLANG_WARN_DIRECT_OBJC_ISA_USAGE = YES_ERROR;
				CLANG_WARN_DOCUMENTATION_COMMENTS = YES;
				CLANG_WARN_EMPTY_BODY = YES;
				CLANG_WARN_ENUM_CONVERSION = YES;
				CLANG_WARN_INFINITE_RECURSION = YES;
				CLANG_WARN_INT_CONVERSION = YES;
				CLANG_WARN_NON_LITERAL_NULL_CONVERSION = YES;
				CLANG_WARN_OBJC_IMPLICIT_RETAIN_SELF = YES;
				CLANG_WARN_OBJC_LITERAL_CONVERSION = YES;
				CLANG_WARN_OBJC_ROOT_CLASS = YES_ERROR;
				CLANG_WARN_QUOTED_INCLUDE_IN_FRAMEWORK_HEADER = YES;
				CLANG_WARN_RANGE_LOOP_ANALYSIS = YES;
				CLANG_WARN_STRICT_PROTOTYPES = YES;
				CLANG_WARN_SUSPICIOUS_MOVE = YES;
				CLANG_WARN_UNGUARDED_AVAILABILITY = YES_AGGRESSIVE;
				CLANG_WARN_UNREACHABLE_CODE = YES;
				CLANG_WARN__DUPLICATE_METHOD_MATCH = YES;
				COPY_PHASE_STRIP = NO;
				DEBUG_INFORMATION_FORMAT = dwarf;
				ENABLE_STRICT_OBJC_MSGSEND = YES;
				ENABLE_TESTABILITY = YES;
				ENABLE_USER_SCRIPT_SANDBOXING = YES;
				GCC_C_LANGUAGE_STANDARD = gnu17;
				GCC_DYNAMIC_NO_PIC = NO;
				GCC_NO_COMMON_BLOCKS = YES;
				GCC_OPTIMIZATION_LEVEL = 0;
				GCC_PREPROCESSOR_DEFINITIONS = (
					"DEBUG=1",
					"$(inherited)",
				);
				GCC_WARN_64_TO_32_BIT_CONVERSION = YES;
				GCC_WARN_ABOUT_RETURN_TYPE = YES_ERROR;
				GCC_WARN_UNDECLARED_SELECTOR = YES;
				GCC_WARN_UNINITIALIZED_AUTOS = YES_AGGRESSIVE;
				GCC_WARN_UNUSED_FUNCTION = YES;
				GCC_WARN_UNUSED_VARIABLE = YES;
				LOCALIZATION_PREFERS_STRING_CATALOGS = YES;
				MACOSX_DEPLOYMENT_TARGET = 13.6;
				MTL_ENABLE_DEBUG_INFO = INCLUDE_SOURCE;
				MTL_FAST_MATH = YES;
				ONLY_ACTIVE_ARCH = YES;
				SDKROOT = macosx;
				SWIFT_ACTIVE_COMPILATION_CONDITIONS = "DEBUG $(inherited)";
				SWIFT_OPTIMIZATION_LEVEL = "-Onone";
			};
			name = Debug;
		};
		2F4BEDDB2AF7ABBA00D35221 /* Release */ = {
			isa = XCBuildConfiguration;
			buildSettings = {
				ALWAYS_SEARCH_USER_PATHS = NO;
				ASSETCATALOG_COMPILER_GENERATE_SWIFT_ASSET_SYMBOL_EXTENSIONS = YES;
				CLANG_ANALYZER_NONNULL = YES;
				CLANG_ANALYZER_NUMBER_OBJECT_CONVERSION = YES_AGGRESSIVE;
				CLANG_CXX_LANGUAGE_STANDARD = "gnu++20";
				CLANG_ENABLE_MODULES = YES;
				CLANG_ENABLE_OBJC_ARC = YES;
				CLANG_ENABLE_OBJC_WEAK = YES;
				CLANG_WARN_BLOCK_CAPTURE_AUTORELEASING = YES;
				CLANG_WARN_BOOL_CONVERSION = YES;
				CLANG_WARN_COMMA = YES;
				CLANG_WARN_CONSTANT_CONVERSION = YES;
				CLANG_WARN_DEPRECATED_OBJC_IMPLEMENTATIONS = YES;
				CLANG_WARN_DIRECT_OBJC_ISA_USAGE = YES_ERROR;
				CLANG_WARN_DOCUMENTATION_COMMENTS = YES;
				CLANG_WARN_EMPTY_BODY = YES;
				CLANG_WARN_ENUM_CONVERSION = YES;
				CLANG_WARN_INFINITE_RECURSION = YES;
				CLANG_WARN_INT_CONVERSION = YES;
				CLANG_WARN_NON_LITERAL_NULL_CONVERSION = YES;
				CLANG_WARN_OBJC_IMPLICIT_RETAIN_SELF = YES;
				CLANG_WARN_OBJC_LITERAL_CONVERSION = YES;
				CLANG_WARN_OBJC_ROOT_CLASS = YES_ERROR;
				CLANG_WARN_QUOTED_INCLUDE_IN_FRAMEWORK_HEADER = YES;
				CLANG_WARN_RANGE_LOOP_ANALYSIS = YES;
				CLANG_WARN_STRICT_PROTOTYPES = YES;
				CLANG_WARN_SUSPICIOUS_MOVE = YES;
				CLANG_WARN_UNGUARDED_AVAILABILITY = YES_AGGRESSIVE;
				CLANG_WARN_UNREACHABLE_CODE = YES;
				CLANG_WARN__DUPLICATE_METHOD_MATCH = YES;
				COPY_PHASE_STRIP = NO;
				DEBUG_INFORMATION_FORMAT = "dwarf-with-dsym";
				ENABLE_NS_ASSERTIONS = NO;
				ENABLE_STRICT_OBJC_MSGSEND = YES;
				ENABLE_USER_SCRIPT_SANDBOXING = YES;
				GCC_C_LANGUAGE_STANDARD = gnu17;
				GCC_NO_COMMON_BLOCKS = YES;
				GCC_WARN_64_TO_32_BIT_CONVERSION = YES;
				GCC_WARN_ABOUT_RETURN_TYPE = YES_ERROR;
				GCC_WARN_UNDECLARED_SELECTOR = YES;
				GCC_WARN_UNINITIALIZED_AUTOS = YES_AGGRESSIVE;
				GCC_WARN_UNUSED_FUNCTION = YES;
				GCC_WARN_UNUSED_VARIABLE = YES;
				LOCALIZATION_PREFERS_STRING_CATALOGS = YES;
				MACOSX_DEPLOYMENT_TARGET = 13.6;
				MTL_ENABLE_DEBUG_INFO = NO;
				MTL_FAST_MATH = YES;
				SDKROOT = macosx;
				SWIFT_COMPILATION_MODE = wholemodule;
			};
			name = Release;
		};
		2F4BEDDD2AF7ABBA00D35221 /* Debug */ = {
			isa = XCBuildConfiguration;
			buildSettings = {
				ASSETCATALOG_COMPILER_APPICON_NAME = AppIcon;
				ASSETCATALOG_COMPILER_GLOBAL_ACCENT_COLOR_NAME = AccentColor;
				CODE_SIGN_ENTITLEMENTS = N2KLibBuild/N2KLibBuild.entitlements;
				CODE_SIGN_STYLE = Automatic;
				COMBINE_HIDPI_IMAGES = YES;
				CURRENT_PROJECT_VERSION = 1;
				DEVELOPMENT_ASSET_PATHS = "\"N2KLibBuild/Preview Content\"";
				DEVELOPMENT_TEAM = 3G54NEN3F6;
				ENABLE_HARDENED_RUNTIME = YES;
				ENABLE_PREVIEWS = YES;
				GENERATE_INFOPLIST_FILE = YES;
				INFOPLIST_KEY_NSHumanReadableCopyright = "";
				LD_RUNPATH_SEARCH_PATHS = (
					"$(inherited)",
					"@executable_path/../Frameworks",
				);
				MARKETING_VERSION = 1.0;
				PRODUCT_BUNDLE_IDENTIFIER = digital.marine.N2KLibBuild;
				PRODUCT_NAME = "$(TARGET_NAME)";
				SWIFT_EMIT_LOC_STRINGS = YES;
				SWIFT_OBJC_INTEROP_MODE = objcxx;
				SWIFT_VERSION = 5.0;
			};
			name = Debug;
		};
		2F4BEDDE2AF7ABBA00D35221 /* Release */ = {
			isa = XCBuildConfiguration;
			buildSettings = {
				ASSETCATALOG_COMPILER_APPICON_NAME = AppIcon;
				ASSETCATALOG_COMPILER_GLOBAL_ACCENT_COLOR_NAME = AccentColor;
				CODE_SIGN_ENTITLEMENTS = N2KLibBuild/N2KLibBuild.entitlements;
				CODE_SIGN_STYLE = Automatic;
				COMBINE_HIDPI_IMAGES = YES;
				CURRENT_PROJECT_VERSION = 1;
				DEVELOPMENT_ASSET_PATHS = "\"N2KLibBuild/Preview Content\"";
				DEVELOPMENT_TEAM = 3G54NEN3F6;
				ENABLE_HARDENED_RUNTIME = YES;
				ENABLE_PREVIEWS = YES;
				GENERATE_INFOPLIST_FILE = YES;
				INFOPLIST_KEY_NSHumanReadableCopyright = "";
				LD_RUNPATH_SEARCH_PATHS = (
					"$(inherited)",
					"@executable_path/../Frameworks",
				);
				MARKETING_VERSION = 1.0;
				PRODUCT_BUNDLE_IDENTIFIER = digital.marine.N2KLibBuild;
				PRODUCT_NAME = "$(TARGET_NAME)";
				SWIFT_EMIT_LOC_STRINGS = YES;
				SWIFT_OBJC_INTEROP_MODE = objcxx;
				SWIFT_VERSION = 5.0;
			};
			name = Release;
		};
		2F4BEDE02AF7ABBA00D35221 /* Debug */ = {
			isa = XCBuildConfiguration;
			buildSettings = {
				ALWAYS_EMBED_SWIFT_STANDARD_LIBRARIES = YES;
				BUNDLE_LOADER = "$(TEST_HOST)";
				CODE_SIGN_STYLE = Automatic;
				CURRENT_PROJECT_VERSION = 1;
				DEVELOPMENT_TEAM = 3G54NEN3F6;
				GENERATE_INFOPLIST_FILE = YES;
				MACOSX_DEPLOYMENT_TARGET = 13.6;
				MARKETING_VERSION = 1.0;
				PRODUCT_BUNDLE_IDENTIFIER = digital.marine.N2KLibBuildTests;
				PRODUCT_NAME = "$(TARGET_NAME)";
				SWIFT_EMIT_LOC_STRINGS = NO;
				SWIFT_VERSION = 5.0;
				TEST_HOST = "$(BUILT_PRODUCTS_DIR)/N2KLibBuild.app/$(BUNDLE_EXECUTABLE_FOLDER_PATH)/N2KLibBuild";
			};
			name = Debug;
		};
		2F4BEDE12AF7ABBA00D35221 /* Release */ = {
			isa = XCBuildConfiguration;
			buildSettings = {
				ALWAYS_EMBED_SWIFT_STANDARD_LIBRARIES = YES;
				BUNDLE_LOADER = "$(TEST_HOST)";
				CODE_SIGN_STYLE = Automatic;
				CURRENT_PROJECT_VERSION = 1;
				DEVELOPMENT_TEAM = 3G54NEN3F6;
				GENERATE_INFOPLIST_FILE = YES;
				MACOSX_DEPLOYMENT_TARGET = 13.6;
				MARKETING_VERSION = 1.0;
				PRODUCT_BUNDLE_IDENTIFIER = digital.marine.N2KLibBuildTests;
				PRODUCT_NAME = "$(TARGET_NAME)";
				SWIFT_EMIT_LOC_STRINGS = NO;
				SWIFT_VERSION = 5.0;
				TEST_HOST = "$(BUILT_PRODUCTS_DIR)/N2KLibBuild.app/$(BUNDLE_EXECUTABLE_FOLDER_PATH)/N2KLibBuild";
			};
			name = Release;
		};
		2F4BEDE32AF7ABBA00D35221 /* Debug */ = {
			isa = XCBuildConfiguration;
			buildSettings = {
				ALWAYS_EMBED_SWIFT_STANDARD_LIBRARIES = YES;
				CODE_SIGN_STYLE = Automatic;
				CURRENT_PROJECT_VERSION = 1;
				DEVELOPMENT_TEAM = 3G54NEN3F6;
				GENERATE_INFOPLIST_FILE = YES;
				MARKETING_VERSION = 1.0;
				PRODUCT_BUNDLE_IDENTIFIER = digital.marine.N2KLibBuildUITests;
				PRODUCT_NAME = "$(TARGET_NAME)";
				SWIFT_EMIT_LOC_STRINGS = NO;
				SWIFT_VERSION = 5.0;
				TEST_TARGET_NAME = N2KLibBuild;
			};
			name = Debug;
		};
		2F4BEDE42AF7ABBA00D35221 /* Release */ = {
			isa = XCBuildConfiguration;
			buildSettings = {
				ALWAYS_EMBED_SWIFT_STANDARD_LIBRARIES = YES;
				CODE_SIGN_STYLE = Automatic;
				CURRENT_PROJECT_VERSION = 1;
				DEVELOPMENT_TEAM = 3G54NEN3F6;
				GENERATE_INFOPLIST_FILE = YES;
				MARKETING_VERSION = 1.0;
				PRODUCT_BUNDLE_IDENTIFIER = digital.marine.N2KLibBuildUITests;
				PRODUCT_NAME = "$(TARGET_NAME)";
				SWIFT_EMIT_LOC_STRINGS = NO;
				SWIFT_VERSION = 5.0;
				TEST_TARGET_NAME = N2KLibBuild;
			};
			name = Release;
		};
/* End XCBuildConfiguration section */

/* Begin XCConfigurationList section */
		2F4BEDAD2AF7ABB700D35221 /* Build configuration list for PBXProject "N2KLibBuild" */ = {
			isa = XCConfigurationList;
			buildConfigurations = (
				2F4BEDDA2AF7ABBA00D35221 /* Debug */,
				2F4BEDDB2AF7ABBA00D35221 /* Release */,
			);
			defaultConfigurationIsVisible = 0;
			defaultConfigurationName = Release;
		};
		2F4BEDDC2AF7ABBA00D35221 /* Build configuration list for PBXNativeTarget "N2KLibBuild" */ = {
			isa = XCConfigurationList;
			buildConfigurations = (
				2F4BEDDD2AF7ABBA00D35221 /* Debug */,
				2F4BEDDE2AF7ABBA00D35221 /* Release */,
			);
			defaultConfigurationIsVisible = 0;
			defaultConfigurationName = Release;
		};
		2F4BEDDF2AF7ABBA00D35221 /* Build configuration list for PBXNativeTarget "N2KLibBuildTests" */ = {
			isa = XCConfigurationList;
			buildConfigurations = (
				2F4BEDE02AF7ABBA00D35221 /* Debug */,
				2F4BEDE12AF7ABBA00D35221 /* Release */,
			);
			defaultConfigurationIsVisible = 0;
			defaultConfigurationName = Release;
		};
		2F4BEDE22AF7ABBA00D35221 /* Build configuration list for PBXNativeTarget "N2KLibBuildUITests" */ = {
			isa = XCConfigurationList;
			buildConfigurations = (
				2F4BEDE32AF7ABBA00D35221 /* Debug */,
				2F4BEDE42AF7ABBA00D35221 /* Release */,
			);
			defaultConfigurationIsVisible = 0;
			defaultConfigurationName = Release;
		};
/* End XCConfigurationList section */

/* Begin XCVersionGroup section */
		2F4BEDC02AF7ABBA00D35221 /* N2KLibBuild.xcdatamodeld */ = {
			isa = XCVersionGroup;
			children = (
				2F4BEDC12AF7ABBA00D35221 /* N2KLibBuild.xcdatamodel */,
			);
			currentVersion = 2F4BEDC12AF7ABBA00D35221 /* N2KLibBuild.xcdatamodel */;
			path = N2KLibBuild.xcdatamodeld;
			sourceTree = "<group>";
			versionGroupType = wrapper.xcdatamodel;
		};
/* End XCVersionGroup section */
	};
	rootObject = 2F4BEDAA2AF7ABB700D35221 /* Project object */;
}
